{
  "version": 4,
  "terraform_version": "1.12.2",
  "serial": 4,
  "lineage": "754117b3-add5-82dc-d796-dbf6c4443aee",
  "outputs": {
    "application_insights_connection_string": {
      "value": "InstrumentationKey=b2a028d0-5993-4fa0-bea9-ac823ea2bccc;IngestionEndpoint=https://eastus2-3.in.applicationinsights.azure.com/;LiveEndpoint=https://eastus2.livediagnostics.monitor.azure.com/;ApplicationId=e75a2906-4eea-4b56-8d57-4179bff0ee97",
      "type": "string",
      "sensitive": true
    },
    "application_insights_key": {
      "value": "b2a028d0-5993-4fa0-bea9-ac823ea2bccc",
      "type": "string",
      "sensitive": true
    },
    "resource_group_name": {
      "value": "rg-legalai-dev-react",
      "type": "string"
    },
    "static_web_app_deployment_token": {
      "value": "a47cd3b7ef87f8622d06c75d933f1bbaec5b0a5e7d252f87661240a33e0a945201-8f689732-476b-4f3f-ac9b-20473a3d78a400f19250f470780f",
      "type": "string",
      "sensitive": true
    },
    "static_web_app_url": {
      "value": "https://gentle-water-0f470780f.1.azurestaticapps.net",
      "type": "string"
    }
  },
  "resources": [
    {
      "mode": "managed",
      "type": "azurerm_application_insights",
      "name": "main",
      "provider": "provider[\"registry.terraform.io/hashicorp/azurerm\"]",
      "instances": [
        {
          "schema_version": 1,
          "attributes": {
            "app_id": "e75a2906-4eea-4b56-8d57-4179bff0ee97",
            "application_type": "web",
            "connection_string": "InstrumentationKey=b2a028d0-5993-4fa0-bea9-ac823ea2bccc;IngestionEndpoint=https://eastus2-3.in.applicationinsights.azure.com/;LiveEndpoint=https://eastus2.livediagnostics.monitor.azure.com/;ApplicationId=e75a2906-4eea-4b56-8d57-4179bff0ee97",
            "daily_data_cap_in_gb": 100,
            "daily_data_cap_notifications_disabled": false,
            "disable_ip_masking": false,
            "force_customer_storage_for_profiler": false,
            "id": "/subscriptions/3fd71ee5-4bf9-45d0-a47f-0d9b0b5fe527/resourceGroups/rg-legalai-dev-react/providers/Microsoft.Insights/components/appi-legalai-dev",
            "instrumentation_key": "b2a028d0-5993-4fa0-bea9-ac823ea2bccc",
            "internet_ingestion_enabled": true,
            "internet_query_enabled": true,
            "local_authentication_disabled": false,
            "location": "eastus2",
            "name": "appi-legalai-dev",
            "resource_group_name": "rg-legalai-dev-react",
            "retention_in_days": 90,
            "sampling_percentage": 100,
            "tags": {
              "Environment": "dev",
              "Project": "legalai"
            },
            "timeouts": null,
            "workspace_id": "/subscriptions/3fd71ee5-4bf9-45d0-a47f-0d9b0b5fe527/resourceGroups/ai_appi-legalai-dev_e75a2906-4eea-4b56-8d57-4179bff0ee97_managed/providers/Microsoft.OperationalInsights/workspaces/managed-appi-legalai-dev-ws"
          },
          "sensitive_attributes": [
            [
              {
                "type": "get_attr",
                "value": "connection_string"
              }
            ],
            [
              {
                "type": "get_attr",
                "value": "instrumentation_key"
              }
            ]
          ],
          "identity_schema_version": 0,
          "private": "eyJlMmJmYjczMC1lY2FhLTExZTYtOGY4OC0zNDM2M2JjN2M0YzAiOnsiY3JlYXRlIjozNjAwMDAwMDAwMDAwLCJkZWxldGUiOjE4MDAwMDAwMDAwMDAsInJlYWQiOjMwMDAwMDAwMDAwMCwidXBkYXRlIjoxODAwMDAwMDAwMDAwfSwic2NoZW1hX3ZlcnNpb24iOiIxIn0=",
          "dependencies": [
            "azurerm_resource_group.main"
          ]
        }
      ]
    },
    {
      "mode": "managed",
      "type": "azurerm_resource_group",
      "name": "main",
      "provider": "provider[\"registry.terraform.io/hashicorp/azurerm\"]",
      "instances": [
        {
          "schema_version": 0,
          "attributes": {
            "id": "/subscriptions/3fd71ee5-4bf9-45d0-a47f-0d9b0b5fe527/resourceGroups/rg-legalai-dev-react",
            "location": "eastus2",
            "managed_by": "",
            "name": "rg-legalai-dev-react",
            "tags": {
              "Component": "frontend",
              "Environment": "dev",
              "ManagedBy": "Terraform",
              "Project": "legalai"
            },
            "timeouts": null
          },
          "sensitive_attributes": [],
          "identity_schema_version": 0,
          "private": "eyJlMmJmYjczMC1lY2FhLTExZTYtOGY4OC0zNDM2M2JjN2M0YzAiOnsiY3JlYXRlIjo1NDAwMDAwMDAwMDAwLCJkZWxldGUiOjU0MDAwMDAwMDAwMDAsInJlYWQiOjMwMDAwMDAwMDAwMCwidXBkYXRlIjo1NDAwMDAwMDAwMDAwfX0="
        }
      ]
    },
    {
      "mode": "managed",
      "type": "azurerm_static_site",
      "name": "react_app",
      "provider": "provider[\"registry.terraform.io/hashicorp/azurerm\"]",
      "instances": [
        {
          "schema_version": 0,
          "attributes": {
            "api_key": "a47cd3b7ef87f8622d06c75d933f1bbaec5b0a5e7d252f87661240a33e0a945201-8f689732-476b-4f3f-ac9b-20473a3d78a400f19250f470780f",
            "app_settings": null,
            "default_host_name": "gentle-water-0f470780f.1.azurestaticapps.net",
            "id": "/subscriptions/3fd71ee5-4bf9-45d0-a47f-0d9b0b5fe527/resourceGroups/rg-legalai-dev-react/providers/Microsoft.Web/staticSites/stapp-legalai-dev",
            "identity": [],
            "location": "eastus2",
            "name": "stapp-legalai-dev",
            "resource_group_name": "rg-legalai-dev-react",
            "sku_size": "Free",
            "sku_tier": "Free",
            "tags": {
              "Environment": "dev",
              "Framework": "React",
              "Project": "legalai"
            },
            "timeouts": null
          },
          "sensitive_attributes": [
            [
              {
                "type": "get_attr",
                "value": "api_key"
              }
            ]
          ],
          "identity_schema_version": 0,
          "private": "eyJlMmJmYjczMC1lY2FhLTExZTYtOGY4OC0zNDM2M2JjN2M0YzAiOnsiY3JlYXRlIjoxODAwMDAwMDAwMDAwLCJkZWxldGUiOjE4MDAwMDAwMDAwMDAsInJlYWQiOjMwMDAwMDAwMDAwMCwidXBkYXRlIjoxODAwMDAwMDAwMDAwfX0=",
          "dependencies": [
            "azurerm_resource_group.main"
          ]
        }
      ]
    }
  ],
  "check_results": null
}
